
Microsoft Visual Studio Solution File, Format Version 12.00
# Visual Studio Version 17
VisualStudioVersion = 17.7.34031.279
MinimumVisualStudioVersion = 10.0.40219.1
Project("{9A19103F-16F7-4668-BE54-9A1E7A4F7556}") = "Powerplant.API", "PowerplantCodingChallenge.API\Powerplant.API.csproj", "{37FDABE5-935A-415E-9E7D-562899B2A51F}"
EndProject
Project("{2150E333-8FDC-42A3-9474-1A3956D46DE8}") = "DataEntry", "DataEntry", "{22334484-7A74-4D08-B1F1-A85B5623EBAC}"
	ProjectSection(SolutionItems) = preProject
		Solution Items\example_payloads\payload1.json = Solution Items\example_payloads\payload1.json
		Solution Items\example_payloads\payload2.json = Solution Items\example_payloads\payload2.json
		Solution Items\example_payloads\payload3.json = Solution Items\example_payloads\payload3.json
		Solution Items\example_payloads\response3.json = Solution Items\example_payloads\response3.json
	EndProjectSection
EndProject
Global
	GlobalSection(SolutionConfigurationPlatforms) = preSolution
		Debug|Any CPU = Debug|Any CPU
		Release|Any CPU = Release|Any CPU
	EndGlobalSection
	GlobalSection(ProjectConfigurationPlatforms) = postSolution
		{37FDABE5-935A-415E-9E7D-562899B2A51F}.Debug|Any CPU.ActiveCfg = Debug|Any CPU
		{37FDABE5-935A-415E-9E7D-562899B2A51F}.Debug|Any CPU.Build.0 = Debug|Any CPU
		{37FDABE5-935A-415E-9E7D-562899B2A51F}.Release|Any CPU.ActiveCfg = Release|Any CPU
		{37FDABE5-935A-415E-9E7D-562899B2A51F}.Release|Any CPU.Build.0 = Release|Any CPU
	EndGlobalSection
	GlobalSection(SolutionProperties) = preSolution
		HideSolutionNode = FALSE
	EndGlobalSection
	GlobalSection(ExtensibilityGlobals) = postSolution
		SolutionGuid = {BD97E13C-803A-4425-BB7A-2699A27194B0}
	EndGlobalSection
EndGlobal
